{"version":4,"terraform_version":"1.11.6","serial":2,"lineage":"73ea230b-1002-5dda-5ff6-fec2f4215ffa","outputs":{},"resources":[{"mode":"managed","type":"podman_container","name":"meu_container","provider":"provider[\"registry.terraform.io/decafcode/podman\"]","instances":[{"schema_version":0,"attributes":{"command":["sleep","infinity"],"container_host":null,"devices":null,"entrypoint":null,"env":null,"health":null,"id":"5aa95e0b0f903076d9ffbb2332f933355e089fb24fe548c4b8fae9f5614f9099","image":"53cc69728d63af28554cb86e46f530b97caab0697910c50ee8524edf098ddbce","labels":null,"mounts":null,"name":"simples-debian-podman","network_namespace":{"mode":"bridge","options":null},"networks":null,"port_mappings":null,"restart_policy":null,"secret_env":null,"secrets":null,"selinux_options":null,"start_immediately":true,"uploads":null,"user":null,"user_namespace":null},"sensitive_attributes":[],"dependencies":["podman_image.debian"]}]},{"mode":"managed","type":"podman_image","name":"debian","provider":"provider[\"registry.terraform.io/decafcode/podman\"]","instances":[{"schema_version":0,"attributes":{"auth":null,"container_host":null,"id":"53cc69728d63af28554cb86e46f530b97caab0697910c50ee8524edf098ddbce","policy":null,"preserve":null,"pull_number":null,"reference":"docker.io/library/debian:latest"},"sensitive_attributes":[]}]}],"check_results":null}
